
Microsoft Visual Studio Solution File, Format Version 12.00
# Visual Studio Version 17
VisualStudioVersion = 17.7.34024.191
MinimumVisualStudioVersion = 10.0.40219.1
Project("{FAE04EC0-301F-11D3-BF4B-00C04F79EFBC}") = "ToDoList", "ToDoList.csproj", "{8D9A226D-9CD1-4B7C-970D-EA10ECBE40AD}"
EndProject
Global
	GlobalSection(SolutionConfigurationPlatforms) = preSolution
		Debug|Any CPU = Debug|Any CPU
		Release|Any CPU = Release|Any CPU
	EndGlobalSection
	GlobalSection(ProjectConfigurationPlatforms) = postSolution
		{8D9A226D-9CD1-4B7C-970D-EA10ECBE40AD}.Debug|Any CPU.ActiveCfg = Debug|Any CPU
		{8D9A226D-9CD1-4B7C-970D-EA10ECBE40AD}.Debug|Any CPU.Build.0 = Debug|Any CPU
		{8D9A226D-9CD1-4B7C-970D-EA10ECBE40AD}.Release|Any CPU.ActiveCfg = Release|Any CPU
		{8D9A226D-9CD1-4B7C-970D-EA10ECBE40AD}.Release|Any CPU.Build.0 = Release|Any CPU
	EndGlobalSection
	GlobalSection(SolutionProperties) = preSolution
		HideSolutionNode = FALSE
	EndGlobalSection
	GlobalSection(ExtensibilityGlobals) = postSolution
		SolutionGuid = {CFCDF352-E193-4F40-9DDD-0C6FD22063FD}
	EndGlobalSection
EndGlobal
